{
  "nodes": {
    "nixpkgs": {
      "locked": {
        "lastModified": 1719848872,
        "narHash": "sha256-H3+EC5cYuq+gQW8y0lSrrDZfH71LB4DAf+TDFyvwCNA=",
        "owner": "NixOS",
        "repo": "nixpkgs",
        "rev": "00d80d13810dbfea8ab4ed1009b09100cca86ba8",
        "type": "github"
      },
      "original": {
        "owner": "NixOS",
        "ref": "nixos-unstable",
        "repo": "nixpkgs",
        "type": "github"
      }
    },
    "qbit": {
      "locked": {
        "lastModified": 1718930337,
        "narHash": "sha256-ZaGBrcBceJL6GjrXgZR9Vtzlf3xU5r1cPClWKJzNKw4=",
        "owner": "fsnkty",
        "repo": "nixpkgs",
        "rev": "ddcebe9456534c520db31fb0f0a7c500f8d1e31f",
        "type": "github"
      },
      "original": {
        "owner": "fsnkty",
        "ref": "init-nixos-qbittorrent",
        "repo": "nixpkgs",
        "type": "github"
      }
    },
    "root": {
      "inputs": {
        "nixpkgs": "nixpkgs",
        "qbit": "qbit",
        "vault": "vault"
      }
    },
    "vault": {
      "locked": {
        "lastModified": 1712357206,
        "narHash": "sha256-NaY38Kol+yiT22IPX2i5Xsb4C/lGdUj7vnk9NolDerU=",
        "owner": "fsnkty",
        "repo": "nixpkgs",
        "rev": "f9c3a816c02c20bf58340aba4cb026a031bdcb49",
        "type": "github"
      },
      "original": {
        "owner": "fsnkty",
        "ref": "nixos-vaultwarden-hardening",
        "repo": "nixpkgs",
        "type": "github"
      }
    }
  },
  "root": "root",
  "version": 7
}
